
Microsoft Visual Studio Solution File, Format Version 12.00
# Visual Studio Version 16
VisualStudioVersion = 16.0.29613.14
MinimumVisualStudioVersion = 10.0.40219.1
Project("{9A19103F-16F7-4668-BE54-9A1E7A4F7556}") = "EmployeeDetail", "EmployeeDetail.csproj", "{599DA039-44D2-49DA-BB59-C71CE4C61A52}"
EndProject
Project("{FAE04EC0-301F-11D3-BF4B-00C04F79EFBC}") = "EmployeeDetail.DataAccess", "..\EmployeeDetail.DataAccess\EmployeeDetail.DataAccess.csproj", "{F9E835B6-A2E4-4919-90CA-7E5CBF7ECC2D}"
EndProject
Global
	GlobalSection(SolutionConfigurationPlatforms) = preSolution
		Debug|Any CPU = Debug|Any CPU
		Release|Any CPU = Release|Any CPU
	EndGlobalSection
	GlobalSection(ProjectConfigurationPlatforms) = postSolution
		{599DA039-44D2-49DA-BB59-C71CE4C61A52}.Debug|Any CPU.ActiveCfg = Debug|Any CPU
		{599DA039-44D2-49DA-BB59-C71CE4C61A52}.Debug|Any CPU.Build.0 = Debug|Any CPU
		{599DA039-44D2-49DA-BB59-C71CE4C61A52}.Release|Any CPU.ActiveCfg = Release|Any CPU
		{599DA039-44D2-49DA-BB59-C71CE4C61A52}.Release|Any CPU.Build.0 = Release|Any CPU
		{F9E835B6-A2E4-4919-90CA-7E5CBF7ECC2D}.Debug|Any CPU.ActiveCfg = Debug|Any CPU
		{F9E835B6-A2E4-4919-90CA-7E5CBF7ECC2D}.Debug|Any CPU.Build.0 = Debug|Any CPU
		{F9E835B6-A2E4-4919-90CA-7E5CBF7ECC2D}.Release|Any CPU.ActiveCfg = Release|Any CPU
		{F9E835B6-A2E4-4919-90CA-7E5CBF7ECC2D}.Release|Any CPU.Build.0 = Release|Any CPU
	EndGlobalSection
	GlobalSection(SolutionProperties) = preSolution
		HideSolutionNode = FALSE
	EndGlobalSection
	GlobalSection(ExtensibilityGlobals) = postSolution
		SolutionGuid = {3A270070-7363-4136-BE93-BB518A8179B8}
	EndGlobalSection
EndGlobal
